
Microsoft Visual Studio Solution File, Format Version 12.00
# Visual Studio Version 16
VisualStudioVersion = 16.0.28922.388
MinimumVisualStudioVersion = 10.0.40219.1
Project("{FAE04EC0-301F-11D3-BF4B-00C04F79EFBC}") = "SweepStakesContest", "SweepStakesContest.csproj", "{EC2C119A-F554-44A5-B2FF-8D3E14D6BA4B}"
EndProject
Global
	GlobalSection(SolutionConfigurationPlatforms) = preSolution
		Debug|Any CPU = Debug|Any CPU
		Release|Any CPU = Release|Any CPU
	EndGlobalSection
	GlobalSection(ProjectConfigurationPlatforms) = postSolution
		{EC2C119A-F554-44A5-B2FF-8D3E14D6BA4B}.Debug|Any CPU.ActiveCfg = Debug|Any CPU
		{EC2C119A-F554-44A5-B2FF-8D3E14D6BA4B}.Debug|Any CPU.Build.0 = Debug|Any CPU
		{EC2C119A-F554-44A5-B2FF-8D3E14D6BA4B}.Release|Any CPU.ActiveCfg = Release|Any CPU
		{EC2C119A-F554-44A5-B2FF-8D3E14D6BA4B}.Release|Any CPU.Build.0 = Release|Any CPU
	EndGlobalSection
	GlobalSection(SolutionProperties) = preSolution
		HideSolutionNode = FALSE
	EndGlobalSection
	GlobalSection(ExtensibilityGlobals) = postSolution
		SolutionGuid = {C09B8307-913F-42C2-A1D8-95AABC742C27}
	EndGlobalSection
EndGlobal
